
Microsoft Visual Studio Solution File, Format Version 12.00
# Visual Studio Version 17
VisualStudioVersion = 17.0.31903.59
MinimumVisualStudioVersion = 10.0.40219.1
Project("{FAE04EC0-301F-11D3-BF4B-00C04F79EFBC}") = "StockScanTool.Domain", "src\StockScanTool.Domain\StockScanTool.Domain.csproj", "{B2C3D4E5-F6A7-8901-BCDE-F12345678901}"
EndProject
Project("{FAE04EC0-301F-11D3-BF4B-00C04F79EFBC}") = "StockScanTool.Infrastructure", "src\StockScanTool.Infrastructure\StockScanTool.Infrastructure.csproj", "{C3D4E5F6-A7B8-9012-CDEF-123456789012}"
EndProject
Project("{2150E333-8FDC-42A3-9474-1A3956D46DE8}") = "src", "src", "{42CAA3C7-2D54-4F40-9553-548155A2BF7F}"
EndProject
Project("{FAE04EC0-301F-11D3-BF4B-00C04F79EFBC}") = "StockScanTool.Api", "src\StockScanTool.Api\StockScanTool.Api.csproj", "{5F215E70-5601-4399-94A8-963D8193C622}"
EndProject
Project("{FAE04EC0-301F-11D3-BF4B-00C04F79EFBC}") = "StockScanTool.Web", "src\StockScanTool.Web\StockScanTool.Web.csproj", "{862A47E7-7555-4419-8E24-FA0568ACE67E}"
EndProject
Project("{FAE04EC0-301F-11D3-BF4B-00C04F79EFBC}") = "StockScanTool.ScannerPwa", "src\StockScanTool.ScannerPwa\StockScanTool.ScannerPwa.csproj", "{1CCFE78E-5468-4C9A-852D-5A744D0E730A}"
EndProject
Project("{FAE04EC0-301F-11D3-BF4B-00C04F79EFBC}") = "StockScanTool.Contracts", "src\StockScanTool.Contracts\StockScanTool.Contracts.csproj", "{3110B27F-8C9D-4B32-9BEE-61319024A267}"
EndProject
Project("{FAE04EC0-301F-11D3-BF4B-00C04F79EFBC}") = "StockScanTool.Application", "src\StockScanTool.Application\StockScanTool.Application.csproj", "{351D2F31-BA33-4172-809D-C283F0E8EE8E}"
EndProject
Project("{FAE04EC0-301F-11D3-BF4B-00C04F79EFBC}") = "StockScanTool.Shared", "src\StockScanTool.Shared\StockScanTool.Shared.csproj", "{3D3455DF-ECE6-4C7F-A697-B2D5A69C03C4}"
EndProject
Project("{2150E333-8FDC-42A3-9474-1A3956D46DE8}") = "tests", "tests", "{0AB3BF05-4346-4AA6-1389-037BE0695223}"
EndProject
Project("{FAE04EC0-301F-11D3-BF4B-00C04F79EFBC}") = "StockScanTool.Tests.Unit", "tests\StockScanTool.Tests.Unit\StockScanTool.Tests.Unit.csproj", "{B95E2D6F-A058-4B6B-BF68-19F50525C40F}"
EndProject
Project("{FAE04EC0-301F-11D3-BF4B-00C04F79EFBC}") = "StockScanTool.Tests.Integration", "tests\StockScanTool.Tests.Integration\StockScanTool.Tests.Integration.csproj", "{989FFF20-585F-4367-ABB8-8AD9A64CCF55}"
EndProject
Global
	GlobalSection(SolutionConfigurationPlatforms) = preSolution
		Debug|Any CPU = Debug|Any CPU
		Debug|x64 = Debug|x64
		Debug|x86 = Debug|x86
		Release|Any CPU = Release|Any CPU
		Release|x64 = Release|x64
		Release|x86 = Release|x86
	EndGlobalSection
	GlobalSection(ProjectConfigurationPlatforms) = postSolution
		{B2C3D4E5-F6A7-8901-BCDE-F12345678901}.Debug|Any CPU.ActiveCfg = Debug|Any CPU
		{B2C3D4E5-F6A7-8901-BCDE-F12345678901}.Debug|Any CPU.Build.0 = Debug|Any CPU
		{B2C3D4E5-F6A7-8901-BCDE-F12345678901}.Debug|x64.ActiveCfg = Debug|Any CPU
		{B2C3D4E5-F6A7-8901-BCDE-F12345678901}.Debug|x64.Build.0 = Debug|Any CPU
		{B2C3D4E5-F6A7-8901-BCDE-F12345678901}.Debug|x86.ActiveCfg = Debug|Any CPU
		{B2C3D4E5-F6A7-8901-BCDE-F12345678901}.Debug|x86.Build.0 = Debug|Any CPU
		{B2C3D4E5-F6A7-8901-BCDE-F12345678901}.Release|Any CPU.ActiveCfg = Release|Any CPU
		{B2C3D4E5-F6A7-8901-BCDE-F12345678901}.Release|Any CPU.Build.0 = Release|Any CPU
		{B2C3D4E5-F6A7-8901-BCDE-F12345678901}.Release|x64.ActiveCfg = Release|Any CPU
		{B2C3D4E5-F6A7-8901-BCDE-F12345678901}.Release|x64.Build.0 = Release|Any CPU
		{B2C3D4E5-F6A7-8901-BCDE-F12345678901}.Release|x86.ActiveCfg = Release|Any CPU
		{B2C3D4E5-F6A7-8901-BCDE-F12345678901}.Release|x86.Build.0 = Release|Any CPU
		{C3D4E5F6-A7B8-9012-CDEF-123456789012}.Debug|Any CPU.ActiveCfg = Debug|Any CPU
		{C3D4E5F6-A7B8-9012-CDEF-123456789012}.Debug|Any CPU.Build.0 = Debug|Any CPU
		{C3D4E5F6-A7B8-9012-CDEF-123456789012}.Debug|x64.ActiveCfg = Debug|Any CPU
		{C3D4E5F6-A7B8-9012-CDEF-123456789012}.Debug|x64.Build.0 = Debug|Any CPU
		{C3D4E5F6-A7B8-9012-CDEF-123456789012}.Debug|x86.ActiveCfg = Debug|Any CPU
		{C3D4E5F6-A7B8-9012-CDEF-123456789012}.Debug|x86.Build.0 = Debug|Any CPU
		{C3D4E5F6-A7B8-9012-CDEF-123456789012}.Release|Any CPU.ActiveCfg = Release|Any CPU
		{C3D4E5F6-A7B8-9012-CDEF-123456789012}.Release|Any CPU.Build.0 = Release|Any CPU
		{C3D4E5F6-A7B8-9012-CDEF-123456789012}.Release|x64.ActiveCfg = Release|Any CPU
		{C3D4E5F6-A7B8-9012-CDEF-123456789012}.Release|x64.Build.0 = Release|Any CPU
		{C3D4E5F6-A7B8-9012-CDEF-123456789012}.Release|x86.ActiveCfg = Release|Any CPU
		{C3D4E5F6-A7B8-9012-CDEF-123456789012}.Release|x86.Build.0 = Release|Any CPU
		{5F215E70-5601-4399-94A8-963D8193C622}.Debug|Any CPU.ActiveCfg = Debug|Any CPU
		{5F215E70-5601-4399-94A8-963D8193C622}.Debug|Any CPU.Build.0 = Debug|Any CPU
		{5F215E70-5601-4399-94A8-963D8193C622}.Debug|x64.ActiveCfg = Debug|Any CPU
		{5F215E70-5601-4399-94A8-963D8193C622}.Debug|x64.Build.0 = Debug|Any CPU
		{5F215E70-5601-4399-94A8-963D8193C622}.Debug|x86.ActiveCfg = Debug|Any CPU
		{5F215E70-5601-4399-94A8-963D8193C622}.Debug|x86.Build.0 = Debug|Any CPU
		{5F215E70-5601-4399-94A8-963D8193C622}.Release|Any CPU.ActiveCfg = Release|Any CPU
		{5F215E70-5601-4399-94A8-963D8193C622}.Release|Any CPU.Build.0 = Release|Any CPU
		{5F215E70-5601-4399-94A8-963D8193C622}.Release|x64.ActiveCfg = Release|Any CPU
		{5F215E70-5601-4399-94A8-963D8193C622}.Release|x64.Build.0 = Release|Any CPU
		{5F215E70-5601-4399-94A8-963D8193C622}.Release|x86.ActiveCfg = Release|Any CPU
		{5F215E70-5601-4399-94A8-963D8193C622}.Release|x86.Build.0 = Release|Any CPU
		{862A47E7-7555-4419-8E24-FA0568ACE67E}.Debug|Any CPU.ActiveCfg = Debug|Any CPU
		{862A47E7-7555-4419-8E24-FA0568ACE67E}.Debug|Any CPU.Build.0 = Debug|Any CPU
		{862A47E7-7555-4419-8E24-FA0568ACE67E}.Debug|x64.ActiveCfg = Debug|Any CPU
		{862A47E7-7555-4419-8E24-FA0568ACE67E}.Debug|x64.Build.0 = Debug|Any CPU
		{862A47E7-7555-4419-8E24-FA0568ACE67E}.Debug|x86.ActiveCfg = Debug|Any CPU
		{862A47E7-7555-4419-8E24-FA0568ACE67E}.Debug|x86.Build.0 = Debug|Any CPU
		{862A47E7-7555-4419-8E24-FA0568ACE67E}.Release|Any CPU.ActiveCfg = Release|Any CPU
		{862A47E7-7555-4419-8E24-FA0568ACE67E}.Release|Any CPU.Build.0 = Release|Any CPU
		{862A47E7-7555-4419-8E24-FA0568ACE67E}.Release|x64.ActiveCfg = Release|Any CPU
		{862A47E7-7555-4419-8E24-FA0568ACE67E}.Release|x64.Build.0 = Release|Any CPU
		{862A47E7-7555-4419-8E24-FA0568ACE67E}.Release|x86.ActiveCfg = Release|Any CPU
		{862A47E7-7555-4419-8E24-FA0568ACE67E}.Release|x86.Build.0 = Release|Any CPU
		{1CCFE78E-5468-4C9A-852D-5A744D0E730A}.Debug|Any CPU.ActiveCfg = Debug|Any CPU
		{1CCFE78E-5468-4C9A-852D-5A744D0E730A}.Debug|Any CPU.Build.0 = Debug|Any CPU
		{1CCFE78E-5468-4C9A-852D-5A744D0E730A}.Debug|x64.ActiveCfg = Debug|Any CPU
		{1CCFE78E-5468-4C9A-852D-5A744D0E730A}.Debug|x64.Build.0 = Debug|Any CPU
		{1CCFE78E-5468-4C9A-852D-5A744D0E730A}.Debug|x86.ActiveCfg = Debug|Any CPU
		{1CCFE78E-5468-4C9A-852D-5A744D0E730A}.Debug|x86.Build.0 = Debug|Any CPU
		{1CCFE78E-5468-4C9A-852D-5A744D0E730A}.Release|Any CPU.ActiveCfg = Release|Any CPU
		{1CCFE78E-5468-4C9A-852D-5A744D0E730A}.Release|Any CPU.Build.0 = Release|Any CPU
		{1CCFE78E-5468-4C9A-852D-5A744D0E730A}.Release|x64.ActiveCfg = Release|Any CPU
		{1CCFE78E-5468-4C9A-852D-5A744D0E730A}.Release|x64.Build.0 = Release|Any CPU
		{1CCFE78E-5468-4C9A-852D-5A744D0E730A}.Release|x86.ActiveCfg = Release|Any CPU
		{1CCFE78E-5468-4C9A-852D-5A744D0E730A}.Release|x86.Build.0 = Release|Any CPU
		{3110B27F-8C9D-4B32-9BEE-61319024A267}.Debug|Any CPU.ActiveCfg = Debug|Any CPU
		{3110B27F-8C9D-4B32-9BEE-61319024A267}.Debug|Any CPU.Build.0 = Debug|Any CPU
		{3110B27F-8C9D-4B32-9BEE-61319024A267}.Debug|x64.ActiveCfg = Debug|Any CPU
		{3110B27F-8C9D-4B32-9BEE-61319024A267}.Debug|x64.Build.0 = Debug|Any CPU
		{3110B27F-8C9D-4B32-9BEE-61319024A267}.Debug|x86.ActiveCfg = Debug|Any CPU
		{3110B27F-8C9D-4B32-9BEE-61319024A267}.Debug|x86.Build.0 = Debug|Any CPU
		{3110B27F-8C9D-4B32-9BEE-61319024A267}.Release|Any CPU.ActiveCfg = Release|Any CPU
		{3110B27F-8C9D-4B32-9BEE-61319024A267}.Release|Any CPU.Build.0 = Release|Any CPU
		{3110B27F-8C9D-4B32-9BEE-61319024A267}.Release|x64.ActiveCfg = Release|Any CPU
		{3110B27F-8C9D-4B32-9BEE-61319024A267}.Release|x64.Build.0 = Release|Any CPU
		{3110B27F-8C9D-4B32-9BEE-61319024A267}.Release|x86.ActiveCfg = Release|Any CPU
		{3110B27F-8C9D-4B32-9BEE-61319024A267}.Release|x86.Build.0 = Release|Any CPU
		{351D2F31-BA33-4172-809D-C283F0E8EE8E}.Debug|Any CPU.ActiveCfg = Debug|Any CPU
		{351D2F31-BA33-4172-809D-C283F0E8EE8E}.Debug|Any CPU.Build.0 = Debug|Any CPU
		{351D2F31-BA33-4172-809D-C283F0E8EE8E}.Debug|x64.ActiveCfg = Debug|Any CPU
		{351D2F31-BA33-4172-809D-C283F0E8EE8E}.Debug|x64.Build.0 = Debug|Any CPU
		{351D2F31-BA33-4172-809D-C283F0E8EE8E}.Debug|x86.ActiveCfg = Debug|Any CPU
		{351D2F31-BA33-4172-809D-C283F0E8EE8E}.Debug|x86.Build.0 = Debug|Any CPU
		{351D2F31-BA33-4172-809D-C283F0E8EE8E}.Release|Any CPU.ActiveCfg = Release|Any CPU
		{351D2F31-BA33-4172-809D-C283F0E8EE8E}.Release|Any CPU.Build.0 = Release|Any CPU
		{351D2F31-BA33-4172-809D-C283F0E8EE8E}.Release|x64.ActiveCfg = Release|Any CPU
		{351D2F31-BA33-4172-809D-C283F0E8EE8E}.Release|x64.Build.0 = Release|Any CPU
		{351D2F31-BA33-4172-809D-C283F0E8EE8E}.Release|x86.ActiveCfg = Release|Any CPU
		{351D2F31-BA33-4172-809D-C283F0E8EE8E}.Release|x86.Build.0 = Release|Any CPU
		{3D3455DF-ECE6-4C7F-A697-B2D5A69C03C4}.Debug|Any CPU.ActiveCfg = Debug|Any CPU
		{3D3455DF-ECE6-4C7F-A697-B2D5A69C03C4}.Debug|Any CPU.Build.0 = Debug|Any CPU
		{3D3455DF-ECE6-4C7F-A697-B2D5A69C03C4}.Debug|x64.ActiveCfg = Debug|Any CPU
		{3D3455DF-ECE6-4C7F-A697-B2D5A69C03C4}.Debug|x64.Build.0 = Debug|Any CPU
		{3D3455DF-ECE6-4C7F-A697-B2D5A69C03C4}.Debug|x86.ActiveCfg = Debug|Any CPU
		{3D3455DF-ECE6-4C7F-A697-B2D5A69C03C4}.Debug|x86.Build.0 = Debug|Any CPU
		{3D3455DF-ECE6-4C7F-A697-B2D5A69C03C4}.Release|Any CPU.ActiveCfg = Release|Any CPU
		{3D3455DF-ECE6-4C7F-A697-B2D5A69C03C4}.Release|Any CPU.Build.0 = Release|Any CPU
		{3D3455DF-ECE6-4C7F-A697-B2D5A69C03C4}.Release|x64.ActiveCfg = Release|Any CPU
		{3D3455DF-ECE6-4C7F-A697-B2D5A69C03C4}.Release|x64.Build.0 = Release|Any CPU
		{3D3455DF-ECE6-4C7F-A697-B2D5A69C03C4}.Release|x86.ActiveCfg = Release|Any CPU
		{3D3455DF-ECE6-4C7F-A697-B2D5A69C03C4}.Release|x86.Build.0 = Release|Any CPU
		{B95E2D6F-A058-4B6B-BF68-19F50525C40F}.Debug|Any CPU.ActiveCfg = Debug|Any CPU
		{B95E2D6F-A058-4B6B-BF68-19F50525C40F}.Debug|Any CPU.Build.0 = Debug|Any CPU
		{B95E2D6F-A058-4B6B-BF68-19F50525C40F}.Debug|x64.ActiveCfg = Debug|Any CPU
		{B95E2D6F-A058-4B6B-BF68-19F50525C40F}.Debug|x64.Build.0 = Debug|Any CPU
		{B95E2D6F-A058-4B6B-BF68-19F50525C40F}.Debug|x86.ActiveCfg = Debug|Any CPU
		{B95E2D6F-A058-4B6B-BF68-19F50525C40F}.Debug|x86.Build.0 = Debug|Any CPU
		{B95E2D6F-A058-4B6B-BF68-19F50525C40F}.Release|Any CPU.ActiveCfg = Release|Any CPU
		{B95E2D6F-A058-4B6B-BF68-19F50525C40F}.Release|Any CPU.Build.0 = Release|Any CPU
		{B95E2D6F-A058-4B6B-BF68-19F50525C40F}.Release|x64.ActiveCfg = Release|Any CPU
		{B95E2D6F-A058-4B6B-BF68-19F50525C40F}.Release|x64.Build.0 = Release|Any CPU
		{B95E2D6F-A058-4B6B-BF68-19F50525C40F}.Release|x86.ActiveCfg = Release|Any CPU
		{B95E2D6F-A058-4B6B-BF68-19F50525C40F}.Release|x86.Build.0 = Release|Any CPU
		{989FFF20-585F-4367-ABB8-8AD9A64CCF55}.Debug|Any CPU.ActiveCfg = Debug|Any CPU
		{989FFF20-585F-4367-ABB8-8AD9A64CCF55}.Debug|Any CPU.Build.0 = Debug|Any CPU
		{989FFF20-585F-4367-ABB8-8AD9A64CCF55}.Debug|x64.ActiveCfg = Debug|Any CPU
		{989FFF20-585F-4367-ABB8-8AD9A64CCF55}.Debug|x64.Build.0 = Debug|Any CPU
		{989FFF20-585F-4367-ABB8-8AD9A64CCF55}.Debug|x86.ActiveCfg = Debug|Any CPU
		{989FFF20-585F-4367-ABB8-8AD9A64CCF55}.Debug|x86.Build.0 = Debug|Any CPU
		{989FFF20-585F-4367-ABB8-8AD9A64CCF55}.Release|Any CPU.ActiveCfg = Release|Any CPU
		{989FFF20-585F-4367-ABB8-8AD9A64CCF55}.Release|Any CPU.Build.0 = Release|Any CPU
		{989FFF20-585F-4367-ABB8-8AD9A64CCF55}.Release|x64.ActiveCfg = Release|Any CPU
		{989FFF20-585F-4367-ABB8-8AD9A64CCF55}.Release|x64.Build.0 = Release|Any CPU
		{989FFF20-585F-4367-ABB8-8AD9A64CCF55}.Release|x86.ActiveCfg = Release|Any CPU
		{989FFF20-585F-4367-ABB8-8AD9A64CCF55}.Release|x86.Build.0 = Release|Any CPU
	EndGlobalSection
	GlobalSection(SolutionProperties) = preSolution
		HideSolutionNode = FALSE
	EndGlobalSection
	GlobalSection(NestedProjects) = preSolution
		{5F215E70-5601-4399-94A8-963D8193C622} = {42CAA3C7-2D54-4F40-9553-548155A2BF7F}
		{862A47E7-7555-4419-8E24-FA0568ACE67E} = {42CAA3C7-2D54-4F40-9553-548155A2BF7F}
		{1CCFE78E-5468-4C9A-852D-5A744D0E730A} = {42CAA3C7-2D54-4F40-9553-548155A2BF7F}
		{3110B27F-8C9D-4B32-9BEE-61319024A267} = {42CAA3C7-2D54-4F40-9553-548155A2BF7F}
		{351D2F31-BA33-4172-809D-C283F0E8EE8E} = {42CAA3C7-2D54-4F40-9553-548155A2BF7F}
		{3D3455DF-ECE6-4C7F-A697-B2D5A69C03C4} = {42CAA3C7-2D54-4F40-9553-548155A2BF7F}
		{B95E2D6F-A058-4B6B-BF68-19F50525C40F} = {0AB3BF05-4346-4AA6-1389-037BE0695223}
		{989FFF20-585F-4367-ABB8-8AD9A64CCF55} = {0AB3BF05-4346-4AA6-1389-037BE0695223}
	EndGlobalSection
EndGlobal
